// !$*UTF8*$!
{
	archiveVersion = 1;
	classes = {
	};
	objectVersion = 46;
	objects = {

/* Begin PBXBuildFile section */
		4218DEBB1E0089510050F316 /* PreparationViewController.swift in Sources */ = {isa = PBXBuildFile; fileRef = 4218DEBA1E0089510050F316 /* PreparationViewController.swift */; };
		42B714FF1DF84E0B00A0A785 /* AppDelegate.swift in Sources */ = {isa = PBXBuildFile; fileRef = 42B714FE1DF84E0B00A0A785 /* AppDelegate.swift */; };
		42B715011DF84E0B00A0A785 /* MainViewController.swift in Sources */ = {isa = PBXBuildFile; fileRef = 42B715001DF84E0B00A0A785 /* MainViewController.swift */; };
		42B715041DF84E0B00A0A785 /* Main.storyboard in Resources */ = {isa = PBXBuildFile; fileRef = 42B715021DF84E0B00A0A785 /* Main.storyboard */; };
		42B715061DF84E0B00A0A785 /* Assets.xcassets in Resources */ = {isa = PBXBuildFile; fileRef = 42B715051DF84E0B00A0A785 /* Assets.xcassets */; };
		42B715091DF84E0B00A0A785 /* LaunchScreen.storyboard in Resources */ = {isa = PBXBuildFile; fileRef = 42B715071DF84E0B00A0A785 /* LaunchScreen.storyboard */; };
/* End PBXBuildFile section */

/* Begin PBXFileReference section */
		4218DEBA1E0089510050F316 /* PreparationViewController.swift */ = {isa = PBXFileReference; fileEncoding = 4; lastKnownFileType = sourcecode.swift; path = PreparationViewController.swift; sourceTree = "<group>"; };
		42B714FB1DF84E0B00A0A785 /* SplitCheck.app */ = {isa = PBXFileReference; explicitFileType = wrapper.application; includeInIndex = 0; path = SplitCheck.app; sourceTree = BUILT_PRODUCTS_DIR; };
		42B714FE1DF84E0B00A0A785 /* AppDelegate.swift */ = {isa = PBXFileReference; lastKnownFileType = sourcecode.swift; path = AppDelegate.swift; sourceTree = "<group>"; };
		42B715001DF84E0B00A0A785 /* MainViewController.swift */ = {isa = PBXFileReference; lastKnownFileType = sourcecode.swift; path = MainViewController.swift; sourceTree = "<group>"; };
		42B715031DF84E0B00A0A785 /* Base */ = {isa = PBXFileReference; lastKnownFileType = file.storyboard; name = Base; path = Base.lproj/Main.storyboard; sourceTree = "<group>"; };
		42B715051DF84E0B00A0A785 /* Assets.xcassets */ = {isa = PBXFileReference; lastKnownFileType = folder.assetcatalog; path = Assets.xcassets; sourceTree = "<group>"; };
		42B715081DF84E0B00A0A785 /* Base */ = {isa = PBXFileReference; lastKnownFileType = file.storyboard; name = Base; path = Base.lproj/LaunchScreen.storyboard; sourceTree = "<group>"; };
		42B7150A1DF84E0B00A0A785 /* Info.plist */ = {isa = PBXFileReference; lastKnownFileType = text.plist.xml; path = Info.plist; sourceTree = "<group>"; };
/* End PBXFileReference section */

/* Begin PBXFrameworksBuildPhase section */
		42B714F81DF84E0B00A0A785 /* Frameworks */ = {
			isa = PBXFrameworksBuildPhase;
			buildActionMask = 2147483647;
			files = (
			);
			runOnlyForDeploymentPostprocessing = 0;
		};
/* End PBXFrameworksBuildPhase section */

/* Begin PBXGroup section */
		42B714F21DF84E0B00A0A785 = {
			isa = PBXGroup;
			children = (
				42B714FD1DF84E0B00A0A785 /* SplitCheck */,
				42B714FC1DF84E0B00A0A785 /* Products */,
			);
			sourceTree = "<group>";
		};
		42B714FC1DF84E0B00A0A785 /* Products */ = {
			isa = PBXGroup;
			children = (
				42B714FB1DF84E0B00A0A785 /* SplitCheck.app */,
			);
			name = Products;
			sourceTree = "<group>";
		};
		42B714FD1DF84E0B00A0A785 /* SplitCheck */ = {
			isa = PBXGroup;
			children = (
				42B714FE1DF84E0B00A0A785 /* AppDelegate.swift */,
				42B715001DF84E0B00A0A785 /* MainViewController.swift */,
				4218DEBA1E0089510050F316 /* PreparationViewController.swift */,
				42B715021DF84E0B00A0A785 /* Main.storyboard */,
				42B715051DF84E0B00A0A785 /* Assets.xcassets */,
				42B715071DF84E0B00A0A785 /* LaunchScreen.storyboard */,
				42B7150A1DF84E0B00A0A785 /* Info.plist */,
			);
			path = SplitCheck;
			sourceTree = "<group>";
		};
/* End PBXGroup section */

/* Begin PBXNativeTarget section */
		42B714FA1DF84E0B00A0A785 /* SplitCheck */ = {
			isa = PBXNativeTarget;
			buildConfigurationList = 42B7150D1DF84E0B00A0A785 /* Build configuration list for PBXNativeTarget "SplitCheck" */;
			buildPhases = (
				42B714F71DF84E0B00A0A785 /* Sources */,
				42B714F81DF84E0B00A0A785 /* Frameworks */,
				42B714F91DF84E0B00A0A785 /* Resources */,
			);
			buildRules = (
			);
			dependencies = (
			);
			name = SplitCheck;
			productName = SplitCheck;
			productReference = 42B714FB1DF84E0B00A0A785 /* SplitCheck.app */;
			productType = "com.apple.product-type.application";
		};
/* End PBXNativeTarget section */

/* Begin PBXProject section */
		42B714F31DF84E0B00A0A785 /* Project object */ = {
			isa = PBXProject;
			attributes = {
				LastSwiftUpdateCheck = 0810;
				LastUpgradeCheck = 0810;
				ORGANIZATIONNAME = "Yana Ivanova";
				TargetAttributes = {
					42B714FA1DF84E0B00A0A785 = {
						CreatedOnToolsVersion = 8.1;
						DevelopmentTeam = 7PVFF8573R;
						ProvisioningStyle = Automatic;
					};
				};
			};
			buildConfigurationList = 42B714F61DF84E0B00A0A785 /* Build configuration list for PBXProject "SplitCheck" */;
			compatibilityVersion = "Xcode 3.2";
			developmentRegion = English;
			hasScannedForEncodings = 0;
			knownRegions = (
				en,
				Base,
			);
			mainGroup = 42B714F21DF84E0B00A0A785;
			productRefGroup = 42B714FC1DF84E0B00A0A785 /* Products */;
			projectDirPath = "";
			projectRoot = "";
			targets = (
				42B714FA1DF84E0B00A0A785 /* SplitCheck */,
			);
		};
/* End PBXProject section */

/* Begin PBXResourcesBuildPhase section */
		42B714F91DF84E0B00A0A785 /* Resources */ = {
			isa = PBXResourcesBuildPhase;
			buildActionMask = 2147483647;
			files = (
				42B715091DF84E0B00A0A785 /* LaunchScreen.storyboard in Resources */,
				42B715061DF84E0B00A0A785 /* Assets.xcassets in Resources */,
				42B715041DF84E0B00A0A785 /* Main.storyboard in Resources */,
			);
			runOnlyForDeploymentPostprocessing = 0;
		};
/* End PBXResourcesBuildPhase section */

/* Begin PBXSourcesBuildPhase section */
		42B714F71DF84E0B00A0A785 /* Sources */ = {
			isa = PBXSourcesBuildPhase;
			buildActionMask = 2147483647;
			files = (
				42B715011DF84E0B00A0A785 /* MainViewController.swift in Sources */,
				42B714FF1DF84E0B00A0A785 /* AppDelegate.swift in Sources */,
				4218DEBB1E0089510050F316 /* PreparationViewController.swift in Sources */,
			);
			runOnlyForDeploymentPostprocessing = 0;
		};
/* End PBXSourcesBuildPhase section */

/* Begin PBXVariantGroup section */
		42B715021DF84E0B00A0A785 /* Main.storyboard */ = {
			isa = PBXVariantGroup;
			children = (
				42B715031DF84E0B00A0A785 /* Base */,
			);
			name = Main.storyboard;
			sourceTree = "<group>";
		};
		42B715071DF84E0B00A0A785 /* LaunchScreen.storyboard */ = {
			isa = PBXVariantGroup;
			children = (
				42B715081DF84E0B00A0A785 /* Base */,
			);
			name = LaunchScreen.storyboard;
			sourceTree = "<group>";
		};
/* End PBXVariantGroup section */

/* Begin XCBuildConfiguration section */
		42B7150B1DF84E0B00A0A785 /* Debug */ = {
			isa = XCBuildConfiguration;
			buildSettings = {
				ALWAYS_SEARCH_USER_PATHS = NO;
				CLANG_ANALYZER_NONNULL = YES;
				CLANG_CXX_LANGUAGE_STANDARD = "gnu++0x";
				CLANG_CXX_LIBRARY = "libc++";
				CLANG_ENABLE_MODULES = YES;
				CLANG_ENABLE_OBJC_ARC = YES;
				CLANG_WARN_BOOL_CONVERSION = YES;
				CLANG_WARN_CONSTANT_CONVERSION = YES;
				CLANG_WARN_DIRECT_OBJC_ISA_USAGE = YES_ERROR;
				CLANG_WARN_DOCUMENTATION_COMMENTS = YES;
				CLANG_WARN_EMPTY_BODY = YES;
				CLANG_WARN_ENUM_CONVERSION = YES;
				CLANG_WARN_INFINITE_RECURSION = YES;
				CLANG_WARN_INT_CONVERSION = YES;
				CLANG_WARN_OBJC_ROOT_CLASS = YES_ERROR;
				CLANG_WARN_SUSPICIOUS_MOVES = YES;
				CLANG_WARN_UNREACHABLE_CODE = YES;
				CLANG_WARN__DUPLICATE_METHOD_MATCH = YES;
				"CODE_SIGN_IDENTITY[sdk=iphoneos*]" = "iPhone Developer";
				COPY_PHASE_STRIP = NO;
				DEBUG_INFORMATION_FORMAT = dwarf;
				ENABLE_STRICT_OBJC_MSGSEND = YES;
				ENABLE_TESTABILITY = YES;
				GCC_C_LANGUAGE_STANDARD = gnu99;
				GCC_DYNAMIC_NO_PIC = NO;
				GCC_NO_COMMON_BLOCKS = YES;
				GCC_OPTIMIZATION_LEVEL = 0;
				GCC_PREPROCESSOR_DEFINITIONS = (
					"DEBUG=1",
					"$(inherited)",
				);
				GCC_WARN_64_TO_32_BIT_CONVERSION = YES;
				GCC_WARN_ABOUT_RETURN_TYPE = YES_ERROR;
				GCC_WARN_UNDECLARED_SELECTOR = YES;
				GCC_WARN_UNINITIALIZED_AUTOS = YES_AGGRESSIVE;
				GCC_WARN_UNUSED_FUNCTION = YES;
				GCC_WARN_UNUSED_VARIABLE = YES;
				IPHONEOS_DEPLOYMENT_TARGET = 10.1;
				MTL_ENABLE_DEBUG_INFO = YES;
				ONLY_ACTIVE_ARCH = YES;
				SDKROOT = iphoneos;
				SWIFT_ACTIVE_COMPILATION_CONDITIONS = DEBUG;
				SWIFT_OPTIMIZATION_LEVEL = "-Onone";
				TARGETED_DEVICE_FAMILY = "1,2";
			};
			name = Debug;
		};
		42B7150C1DF84E0B00A0A785 /* Release */ = {
			isa = XCBuildConfiguration;
			buildSettings = {
				ALWAYS_SEARCH_USER_PATHS = NO;
				CLANG_ANALYZER_NONNULL = YES;
				CLANG_CXX_LANGUAGE_STANDARD = "gnu++0x";
				CLANG_CXX_LIBRARY = "libc++";
				CLANG_ENABLE_MODULES = YES;
				CLANG_ENABLE_OBJC_ARC = YES;
				CLANG_WARN_BOOL_CONVERSION = YES;
				CLANG_WARN_CONSTANT_CONVERSION = YES;
				CLANG_WARN_DIRECT_OBJC_ISA_USAGE = YES_ERROR;
				CLANG_WARN_DOCUMENTATION_COMMENTS = YES;
				CLANG_WARN_EMPTY_BODY = YES;
				CLANG_WARN_ENUM_CONVERSION = YES;
				CLANG_WARN_INFINITE_RECURSION = YES;
				CLANG_WARN_INT_CONVERSION = YES;
				CLANG_WARN_OBJC_ROOT_CLASS = YES_ERROR;
				CLANG_WARN_SUSPICIOUS_MOVES = YES;
				CLANG_WARN_UNREACHABLE_CODE = YES;
				CLANG_WARN__DUPLICATE_METHOD_MATCH = YES;
				"CODE_SIGN_IDENTITY[sdk=iphoneos*]" = "iPhone Developer";
				COPY_PHASE_STRIP = NO;
				DEBUG_INFORMATION_FORMAT = "dwarf-with-dsym";
				ENABLE_NS_ASSERTIONS = NO;
				ENABLE_STRICT_OBJC_MSGSEND = YES;
				GCC_C_LANGUAGE_STANDARD = gnu99;
				GCC_NO_COMMON_BLOCKS = YES;
				GCC_WARN_64_TO_32_BIT_CONVERSION = YES;
				GCC_WARN_ABOUT_RETURN_TYPE = YES_ERROR;
				GCC_WARN_UNDECLARED_SELECTOR = YES;
				GCC_WARN_UNINITIALIZED_AUTOS = YES_AGGRESSIVE;
				GCC_WARN_UNUSED_FUNCTION = YES;
				GCC_WARN_UNUSED_VARIABLE = YES;
				IPHONEOS_DEPLOYMENT_TARGET = 10.1;
				MTL_ENABLE_DEBUG_INFO = NO;
				SDKROOT = iphoneos;
				SWIFT_OPTIMIZATION_LEVEL = "-Owholemodule";
				TARGETED_DEVICE_FAMILY = "1,2";
				VALIDATE_PRODUCT = YES;
			};
			name = Release;
		};
		42B7150E1DF84E0B00A0A785 /* Debug */ = {
			isa = XCBuildConfiguration;
			buildSettings = {
				ASSETCATALOG_COMPILER_APPICON_NAME = AppIcon;
				DEVELOPMENT_TEAM = 7PVFF8573R;
				INFOPLIST_FILE = SplitCheck/Info.plist;
				LD_RUNPATH_SEARCH_PATHS = "$(inherited) @executable_path/Frameworks";
				PRODUCT_BUNDLE_IDENTIFIER = com.IvanovaYana.SplitCheck;
				PRODUCT_NAME = "$(TARGET_NAME)";
				SWIFT_VERSION = 3.0;
			};
			name = Debug;
		};
		42B7150F1DF84E0B00A0A785 /* Release */ = {
			isa = XCBuildConfiguration;
			buildSettings = {
				ASSETCATALOG_COMPILER_APPICON_NAME = AppIcon;
				DEVELOPMENT_TEAM = 7PVFF8573R;
				INFOPLIST_FILE = SplitCheck/Info.plist;
				LD_RUNPATH_SEARCH_PATHS = "$(inherited) @executable_path/Frameworks";
				PRODUCT_BUNDLE_IDENTIFIER = com.IvanovaYana.SplitCheck;
				PRODUCT_NAME = "$(TARGET_NAME)";
				SWIFT_VERSION = 3.0;
			};
			name = Release;
		};
/* End XCBuildConfiguration section */

/* Begin XCConfigurationList section */
		42B714F61DF84E0B00A0A785 /* Build configuration list for PBXProject "SplitCheck" */ = {
			isa = XCConfigurationList;
			buildConfigurations = (
				42B7150B1DF84E0B00A0A785 /* Debug */,
				42B7150C1DF84E0B00A0A785 /* Release */,
			);
			defaultConfigurationIsVisible = 0;
			defaultConfigurationName = Release;
		};
		42B7150D1DF84E0B00A0A785 /* Build configuration list for PBXNativeTarget "SplitCheck" */ = {
			isa = XCConfigurationList;
			buildConfigurations = (
				42B7150E1DF84E0B00A0A785 /* Debug */,
				42B7150F1DF84E0B00A0A785 /* Release */,
			);
			defaultConfigurationIsVisible = 0;
			defaultConfigurationName = Release;
		};
/* End XCConfigurationList section */
	};
	rootObject = 42B714F31DF84E0B00A0A785 /* Project object */;
}
